<?xml version="1.0" encoding="utf-8"?>
<Project ToolsVersion="4.0" xmlns="http://schemas.microsoft.com/developer/msbuild/2003">
  <ItemGroup>
    <Filter Include="Файлы исходного кода">
      <UniqueIdentifier>{4FC737F1-C7A5-4376-A066-2A32D752A2FF}</UniqueIdentifier>
      <Extensions>cpp;c;cc;cxx;def;odl;idl;hpj;bat;asm;asmx</Extensions>
    </Filter>
    <Filter Include="Заголовочные файлы">
      <UniqueIdentifier>{93995380-89BD-4b04-88EB-625FBE52EBFB}</UniqueIdentifier>
      <Extensions>h;hpp;hxx;hm;inl;inc;xsd</Extensions>
    </Filter>
    <Filter Include="Файлы ресурсов">
      <UniqueIdentifier>{67DA6AB6-F800-4c08-8B7A-83BB121AAD01}</UniqueIdentifier>
      <Extensions>rc;ico;cur;bmp;dlg;rc2;rct;bin;rgs;gif;jpg;jpeg;jpe;resx;tiff;tif;png;wav;mfcribbon-ms</Extensions>
    </Filter>
    <Filter Include="Заголовочные файлы\OpenGL">
      <UniqueIdentifier>{a249ab73-a827-49f5-bfe3-9d5823346af2}</UniqueIdentifier>
    </Filter>
    <Filter Include="Файлы исходного кода\OpenGL">
      <UniqueIdentifier>{554c1c62-57c3-427b-b438-85ddb9c6dbf7}</UniqueIdentifier>
    </Filter>
    <Filter Include="Shaders">
      <UniqueIdentifier>{0c8ff768-b405-451b-821e-1d685e525663}</UniqueIdentifier>
    </Filter>
  </ItemGroup>
  <ItemGroup>
    <ClCompile Include="main.cpp">
      <Filter>Файлы исходного кода</Filter>
    </ClCompile>
    <ClCompile Include="OpenGL/GlRenderer.cpp">
      <Filter>Файлы исходного кода\OpenGL</Filter>
    </ClCompile>
    <ClCompile Include="OpenGL/GlShaderProgram.cpp">
      <Filter>Файлы исходного кода\OpenGL</Filter>
    </ClCompile>
    <ClCompile Include="OpenGL\GlTexture.cpp">
      <Filter>Файлы исходного кода\OpenGL</Filter>
    </ClCompile>
    <ClCompile Include="log.cpp">
      <Filter>Файлы исходного кода</Filter>
    </ClCompile>
    <ClCompile Include="StateManager.cpp">
      <Filter>Файлы исходного кода</Filter>
    </ClCompile>
    <ClCompile Include="OpenGL\GlFrameBuffer.cpp">
      <Filter>Файлы исходного кода\OpenGL</Filter>
    </ClCompile>
    <ClCompile Include="OpenGL\GlVertexArray.cpp">
      <Filter>Файлы исходного кода\OpenGL</Filter>
    </ClCompile>
    <ClCompile Include="OpenGL\GlVertexBuffer.cpp">
      <Filter>Файлы исходного кода\OpenGL</Filter>
    </ClCompile>
    <ClCompile Include="OpenGL\GlUniformBuffer.cpp">
      <Filter>Файлы исходного кода\OpenGL</Filter>
    </ClCompile>
    <ClCompile Include="utils_fileSystemListener.cpp">
      <Filter>Файлы исходного кода</Filter>
    </ClCompile>
    <ClCompile Include="OpenGL\GlUniformContainer.cpp">
      <Filter>Файлы исходного кода\OpenGL</Filter>
    </ClCompile>
    <ClCompile Include="OpenGL\GlResourceFactory.cpp">
      <Filter>Файлы исходного кода\OpenGL</Filter>
    </ClCompile>
    <ClCompile Include="Scene.cpp">
      <Filter>Файлы исходного кода</Filter>
    </ClCompile>
  </ItemGroup>
  <ItemGroup>
    <ClInclude Include="AT2.h">
      <Filter>Заголовочные файлы</Filter>
    </ClInclude>
    <ClInclude Include="OpenGL/AT2lowlevel.h">
      <Filter>Заголовочные файлы\OpenGL</Filter>
    </ClInclude>
    <ClInclude Include="OpenGL/GlRenderer.h">
      <Filter>Заголовочные файлы\OpenGL</Filter>
    </ClInclude>
    <ClInclude Include="OpenGL/GlShaderProgram.h">
      <Filter>Заголовочные файлы\OpenGL</Filter>
    </ClInclude>
    <ClInclude Include="OpenGL\GlTexture.h">
      <Filter>Заголовочные файлы\OpenGL</Filter>
    </ClInclude>
    <ClInclude Include="log.h">
      <Filter>Заголовочные файлы</Filter>
    </ClInclude>
    <ClInclude Include="StateManager.h">
      <Filter>Заголовочные файлы</Filter>
    </ClInclude>
    <ClInclude Include="OpenGL\GlFrameBuffer.h">
      <Filter>Заголовочные файлы\OpenGL</Filter>
    </ClInclude>
    <ClInclude Include="OpenGL\GlVertexArray.h">
      <Filter>Заголовочные файлы\OpenGL</Filter>
    </ClInclude>
    <ClInclude Include="drawable.h">
      <Filter>Заголовочные файлы</Filter>
    </ClInclude>
    <ClInclude Include="OpenGL\GlDrawPrimitive.h">
      <Filter>Заголовочные файлы\OpenGL</Filter>
    </ClInclude>
    <ClInclude Include="OpenGL\GlVertexBuffer.h">
      <Filter>Заголовочные файлы\OpenGL</Filter>
    </ClInclude>
    <ClInclude Include="OpenGL\GlUniformBuffer.h">
      <Filter>Заголовочные файлы\OpenGL</Filter>
    </ClInclude>
    <ClInclude Include="utils.hpp">
      <Filter>Заголовочные файлы</Filter>
    </ClInclude>
    <ClInclude Include="OpenGL\GlUniformContainer.h">
      <Filter>Заголовочные файлы\OpenGL</Filter>
    </ClInclude>
    <ClInclude Include="Scene.h">
      <Filter>Заголовочные файлы</Filter>
    </ClInclude>
    <ClInclude Include="AT2_types.hpp">
      <Filter>Заголовочные файлы</Filter>
    </ClInclude>
  </ItemGroup>
  <ItemGroup>
    <None Include="packages.config" />
    <None Include="..\resources\shaders\pbr.fs.glsl">
      <Filter>Shaders</Filter>
    </None>
    <None Include="..\resources\shaders\terrain.vs.glsl">
      <Filter>Shaders</Filter>
    </None>
    <None Include="..\resources\shaders\mesh.fs.glsl">
      <Filter>Shaders</Filter>
    </None>
    <None Include="..\resources\shaders\mesh.vs.glsl">
      <Filter>Shaders</Filter>
    </None>
    <None Include="..\resources\shaders\postprocess.fs.glsl">
      <Filter>Shaders</Filter>
    </None>
    <None Include="..\resources\shaders\postprocess.vs.glsl">
      <Filter>Shaders</Filter>
    </None>
    <None Include="..\resources\shaders\raytrace_sky.fs.glsl">
      <Filter>Shaders</Filter>
    </None>
    <None Include="..\resources\shaders\raytrace_sky.vs.glsl">
      <Filter>Shaders</Filter>
    </None>
    <None Include="..\resources\shaders\skylight.fs.glsl">
      <Filter>Shaders</Filter>
    </None>
    <None Include="..\resources\shaders\skylight.vs.glsl">
      <Filter>Shaders</Filter>
    </None>
    <None Include="..\resources\shaders\spherelight.fs.glsl">
      <Filter>Shaders</Filter>
    </None>
    <None Include="..\resources\shaders\spherelight.vs.glsl">
      <Filter>Shaders</Filter>
    </None>
    <None Include="..\resources\shaders\terrain.fs.glsl">
      <Filter>Shaders</Filter>
    </None>
    <None Include="..\resources\shaders\terrain.tcs.glsl">
      <Filter>Shaders</Filter>
    </None>
    <None Include="..\resources\shaders\terrain.tes.glsl">
      <Filter>Shaders</Filter>
    </None>
  </ItemGroup>
</Project>